
Microsoft Visual Studio Solution File, Format Version 12.00
# Visual Studio 2015
Project("{FAE04EC0-301F-11D3-BF4B-00C04F79EFBC}") = "Tomb Raider GO Clone.CSharp", "Tomb Raider GO Clone.CSharp.csproj", "{1AD8D763-1155-DBB3-9308-E9ABC536EC90}"
EndProject
Project("{FAE04EC0-301F-11D3-BF4B-00C04F79EFBC}") = "Tomb Raider GO Clone.CSharp.Editor", "Tomb Raider GO Clone.CSharp.Editor.csproj", "{CD05A0FF-F67F-97C9-6D45-2F68103F819E}"
EndProject
Global
	GlobalSection(SolutionConfigurationPlatforms) = preSolution
		Debug|Any CPU = Debug|Any CPU
		Release|Any CPU = Release|Any CPU
	EndGlobalSection
	GlobalSection(ProjectConfigurationPlatforms) = postSolution
		{1AD8D763-1155-DBB3-9308-E9ABC536EC90}.Debug|Any CPU.ActiveCfg = Debug|Any CPU
		{1AD8D763-1155-DBB3-9308-E9ABC536EC90}.Debug|Any CPU.Build.0 = Debug|Any CPU
		{1AD8D763-1155-DBB3-9308-E9ABC536EC90}.Release|Any CPU.ActiveCfg = Release|Any CPU
		{1AD8D763-1155-DBB3-9308-E9ABC536EC90}.Release|Any CPU.Build.0 = Release|Any CPU
		{CD05A0FF-F67F-97C9-6D45-2F68103F819E}.Debug|Any CPU.ActiveCfg = Debug|Any CPU
		{CD05A0FF-F67F-97C9-6D45-2F68103F819E}.Debug|Any CPU.Build.0 = Debug|Any CPU
		{CD05A0FF-F67F-97C9-6D45-2F68103F819E}.Release|Any CPU.ActiveCfg = Release|Any CPU
		{CD05A0FF-F67F-97C9-6D45-2F68103F819E}.Release|Any CPU.Build.0 = Release|Any CPU
	EndGlobalSection
	GlobalSection(SolutionProperties) = preSolution
		HideSolutionNode = FALSE
	EndGlobalSection
EndGlobal
